
Microsoft Visual Studio Solution File, Format Version 12.00
# Visual Studio Version 17
VisualStudioVersion = 17.9.34622.214
MinimumVisualStudioVersion = 10.0.40219.1
Project("{FAE04EC0-301F-11D3-BF4B-00C04F79EFBC}") = "Po1640_AnimacePohyb", "Po1640_AnimacePohyb\Po1640_AnimacePohyb.csproj", "{6ECE2A38-9757-4E9B-90FD-7F3053C4F28E}"
EndProject
Global
	GlobalSection(SolutionConfigurationPlatforms) = preSolution
		Debug|Any CPU = Debug|Any CPU
		Release|Any CPU = Release|Any CPU
	EndGlobalSection
	GlobalSection(ProjectConfigurationPlatforms) = postSolution
		{6ECE2A38-9757-4E9B-90FD-7F3053C4F28E}.Debug|Any CPU.ActiveCfg = Debug|Any CPU
		{6ECE2A38-9757-4E9B-90FD-7F3053C4F28E}.Debug|Any CPU.Build.0 = Debug|Any CPU
		{6ECE2A38-9757-4E9B-90FD-7F3053C4F28E}.Release|Any CPU.ActiveCfg = Release|Any CPU
		{6ECE2A38-9757-4E9B-90FD-7F3053C4F28E}.Release|Any CPU.Build.0 = Release|Any CPU
	EndGlobalSection
	GlobalSection(SolutionProperties) = preSolution
		HideSolutionNode = FALSE
	EndGlobalSection
	GlobalSection(ExtensibilityGlobals) = postSolution
		SolutionGuid = {E99D2548-D5B7-4C55-A352-F6964F8B6893}
	EndGlobalSection
EndGlobal
